// !$*UTF8*$!
{
	archiveVersion = 1;
	classes = {
	};
	objectVersion = 50;
	objects = {

/* Begin PBXBuildFile section */
		F51D7E772191D82F00D4E73A /* AppDelegate.swift in Sources */ = {isa = PBXBuildFile; fileRef = F51D7E762191D82F00D4E73A /* AppDelegate.swift */; };
		F51D7E792191D83000D4E73A /* TodoListViewController.swift in Sources */ = {isa = PBXBuildFile; fileRef = F51D7E782191D83000D4E73A /* TodoListViewController.swift */; };
		F51D7E7C2191D83000D4E73A /* Main.storyboard in Resources */ = {isa = PBXBuildFile; fileRef = F51D7E7A2191D83000D4E73A /* Main.storyboard */; };
		F51D7E7E2191D83100D4E73A /* Assets.xcassets in Resources */ = {isa = PBXBuildFile; fileRef = F51D7E7D2191D83100D4E73A /* Assets.xcassets */; };
		F51D7E812191D83100D4E73A /* LaunchScreen.storyboard in Resources */ = {isa = PBXBuildFile; fileRef = F51D7E7F2191D83100D4E73A /* LaunchScreen.storyboard */; };
/* End PBXBuildFile section */

/* Begin PBXFileReference section */
		F51D7E732191D82F00D4E73A /* ToDoEy.app */ = {isa = PBXFileReference; explicitFileType = wrapper.application; includeInIndex = 0; path = ToDoEy.app; sourceTree = BUILT_PRODUCTS_DIR; };
		F51D7E762191D82F00D4E73A /* AppDelegate.swift */ = {isa = PBXFileReference; lastKnownFileType = sourcecode.swift; path = AppDelegate.swift; sourceTree = "<group>"; };
		F51D7E782191D83000D4E73A /* TodoListViewController.swift */ = {isa = PBXFileReference; lastKnownFileType = sourcecode.swift; path = TodoListViewController.swift; sourceTree = "<group>"; };
		F51D7E7B2191D83000D4E73A /* Base */ = {isa = PBXFileReference; lastKnownFileType = file.storyboard; name = Base; path = Base.lproj/Main.storyboard; sourceTree = "<group>"; };
		F51D7E7D2191D83100D4E73A /* Assets.xcassets */ = {isa = PBXFileReference; lastKnownFileType = folder.assetcatalog; path = Assets.xcassets; sourceTree = "<group>"; };
		F51D7E802191D83100D4E73A /* Base */ = {isa = PBXFileReference; lastKnownFileType = file.storyboard; name = Base; path = Base.lproj/LaunchScreen.storyboard; sourceTree = "<group>"; };
		F51D7E822191D83100D4E73A /* Info.plist */ = {isa = PBXFileReference; lastKnownFileType = text.plist.xml; path = Info.plist; sourceTree = "<group>"; };
/* End PBXFileReference section */

/* Begin PBXFrameworksBuildPhase section */
		F51D7E702191D82F00D4E73A /* Frameworks */ = {
			isa = PBXFrameworksBuildPhase;
			buildActionMask = 2147483647;
			files = (
			);
			runOnlyForDeploymentPostprocessing = 0;
		};
/* End PBXFrameworksBuildPhase section */

/* Begin PBXGroup section */
		F51D7E6A2191D82F00D4E73A = {
			isa = PBXGroup;
			children = (
				F51D7E752191D82F00D4E73A /* ToDoEy */,
				F51D7E742191D82F00D4E73A /* Products */,
			);
			sourceTree = "<group>";
		};
		F51D7E742191D82F00D4E73A /* Products */ = {
			isa = PBXGroup;
			children = (
				F51D7E732191D82F00D4E73A /* ToDoEy.app */,
			);
			name = Products;
			sourceTree = "<group>";
		};
		F51D7E752191D82F00D4E73A /* ToDoEy */ = {
			isa = PBXGroup;
			children = (
				F51D7E762191D82F00D4E73A /* AppDelegate.swift */,
				F51D7E782191D83000D4E73A /* TodoListViewController.swift */,
				F51D7E7A2191D83000D4E73A /* Main.storyboard */,
				F51D7E7D2191D83100D4E73A /* Assets.xcassets */,
				F51D7E7F2191D83100D4E73A /* LaunchScreen.storyboard */,
				F51D7E822191D83100D4E73A /* Info.plist */,
			);
			path = ToDoEy;
			sourceTree = "<group>";
		};
/* End PBXGroup section */

/* Begin PBXNativeTarget section */
		F51D7E722191D82F00D4E73A /* ToDoEy */ = {
			isa = PBXNativeTarget;
			buildConfigurationList = F51D7E852191D83100D4E73A /* Build configuration list for PBXNativeTarget "ToDoEy" */;
			buildPhases = (
				F51D7E6F2191D82F00D4E73A /* Sources */,
				F51D7E702191D82F00D4E73A /* Frameworks */,
				F51D7E712191D82F00D4E73A /* Resources */,
			);
			buildRules = (
			);
			dependencies = (
			);
			name = ToDoEy;
			productName = ToDoEy;
			productReference = F51D7E732191D82F00D4E73A /* ToDoEy.app */;
			productType = "com.apple.product-type.application";
		};
/* End PBXNativeTarget section */

/* Begin PBXProject section */
		F51D7E6B2191D82F00D4E73A /* Project object */ = {
			isa = PBXProject;
			attributes = {
				LastSwiftUpdateCheck = 0940;
				LastUpgradeCheck = 0940;
				ORGANIZATIONNAME = "Ahmet AYKAÇ";
				TargetAttributes = {
					F51D7E722191D82F00D4E73A = {
						CreatedOnToolsVersion = 9.4.1;
					};
				};
			};
			buildConfigurationList = F51D7E6E2191D82F00D4E73A /* Build configuration list for PBXProject "ToDoEy" */;
			compatibilityVersion = "Xcode 9.3";
			developmentRegion = en;
			hasScannedForEncodings = 0;
			knownRegions = (
				en,
				Base,
			);
			mainGroup = F51D7E6A2191D82F00D4E73A;
			productRefGroup = F51D7E742191D82F00D4E73A /* Products */;
			projectDirPath = "";
			projectRoot = "";
			targets = (
				F51D7E722191D82F00D4E73A /* ToDoEy */,
			);
		};
/* End PBXProject section */

/* Begin PBXResourcesBuildPhase section */
		F51D7E712191D82F00D4E73A /* Resources */ = {
			isa = PBXResourcesBuildPhase;
			buildActionMask = 2147483647;
			files = (
				F51D7E812191D83100D4E73A /* LaunchScreen.storyboard in Resources */,
				F51D7E7E2191D83100D4E73A /* Assets.xcassets in Resources */,
				F51D7E7C2191D83000D4E73A /* Main.storyboard in Resources */,
			);
			runOnlyForDeploymentPostprocessing = 0;
		};
/* End PBXResourcesBuildPhase section */

/* Begin PBXSourcesBuildPhase section */
		F51D7E6F2191D82F00D4E73A /* Sources */ = {
			isa = PBXSourcesBuildPhase;
			buildActionMask = 2147483647;
			files = (
				F51D7E792191D83000D4E73A /* TodoListViewController.swift in Sources */,
				F51D7E772191D82F00D4E73A /* AppDelegate.swift in Sources */,
			);
			runOnlyForDeploymentPostprocessing = 0;
		};
/* End PBXSourcesBuildPhase section */

/* Begin PBXVariantGroup section */
		F51D7E7A2191D83000D4E73A /* Main.storyboard */ = {
			isa = PBXVariantGroup;
			children = (
				F51D7E7B2191D83000D4E73A /* Base */,
			);
			name = Main.storyboard;
			sourceTree = "<group>";
		};
		F51D7E7F2191D83100D4E73A /* LaunchScreen.storyboard */ = {
			isa = PBXVariantGroup;
			children = (
				F51D7E802191D83100D4E73A /* Base */,
			);
			name = LaunchScreen.storyboard;
			sourceTree = "<group>";
		};
/* End PBXVariantGroup section */

/* Begin XCBuildConfiguration section */
		F51D7E832191D83100D4E73A /* Debug */ = {
			isa = XCBuildConfiguration;
			buildSettings = {
				ALWAYS_SEARCH_USER_PATHS = NO;
				CLANG_ANALYZER_NONNULL = YES;
				CLANG_ANALYZER_NUMBER_OBJECT_CONVERSION = YES_AGGRESSIVE;
				CLANG_CXX_LANGUAGE_STANDARD = "gnu++14";
				CLANG_CXX_LIBRARY = "libc++";
				CLANG_ENABLE_MODULES = YES;
				CLANG_ENABLE_OBJC_ARC = YES;
				CLANG_ENABLE_OBJC_WEAK = YES;
				CLANG_WARN_BLOCK_CAPTURE_AUTORELEASING = YES;
				CLANG_WARN_BOOL_CONVERSION = YES;
				CLANG_WARN_COMMA = YES;
				CLANG_WARN_CONSTANT_CONVERSION = YES;
				CLANG_WARN_DEPRECATED_OBJC_IMPLEMENTATIONS = YES;
				CLANG_WARN_DIRECT_OBJC_ISA_USAGE = YES_ERROR;
				CLANG_WARN_DOCUMENTATION_COMMENTS = YES;
				CLANG_WARN_EMPTY_BODY = YES;
				CLANG_WARN_ENUM_CONVERSION = YES;
				CLANG_WARN_INFINITE_RECURSION = YES;
				CLANG_WARN_INT_CONVERSION = YES;
				CLANG_WARN_NON_LITERAL_NULL_CONVERSION = YES;
				CLANG_WARN_OBJC_IMPLICIT_RETAIN_SELF = YES;
				CLANG_WARN_OBJC_LITERAL_CONVERSION = YES;
				CLANG_WARN_OBJC_ROOT_CLASS = YES_ERROR;
				CLANG_WARN_RANGE_LOOP_ANALYSIS = YES;
				CLANG_WARN_STRICT_PROTOTYPES = YES;
				CLANG_WARN_SUSPICIOUS_MOVE = YES;
				CLANG_WARN_UNGUARDED_AVAILABILITY = YES_AGGRESSIVE;
				CLANG_WARN_UNREACHABLE_CODE = YES;
				CLANG_WARN__DUPLICATE_METHOD_MATCH = YES;
				CODE_SIGN_IDENTITY = "iPhone Developer";
				COPY_PHASE_STRIP = NO;
				DEBUG_INFORMATION_FORMAT = dwarf;
				ENABLE_STRICT_OBJC_MSGSEND = YES;
				ENABLE_TESTABILITY = YES;
				GCC_C_LANGUAGE_STANDARD = gnu11;
				GCC_DYNAMIC_NO_PIC = NO;
				GCC_NO_COMMON_BLOCKS = YES;
				GCC_OPTIMIZATION_LEVEL = 0;
				GCC_PREPROCESSOR_DEFINITIONS = (
					"DEBUG=1",
					"$(inherited)",
				);
				GCC_WARN_64_TO_32_BIT_CONVERSION = YES;
				GCC_WARN_ABOUT_RETURN_TYPE = YES_ERROR;
				GCC_WARN_UNDECLARED_SELECTOR = YES;
				GCC_WARN_UNINITIALIZED_AUTOS = YES_AGGRESSIVE;
				GCC_WARN_UNUSED_FUNCTION = YES;
				GCC_WARN_UNUSED_VARIABLE = YES;
				IPHONEOS_DEPLOYMENT_TARGET = 11.4;
				MTL_ENABLE_DEBUG_INFO = YES;
				ONLY_ACTIVE_ARCH = YES;
				SDKROOT = iphoneos;
				SWIFT_ACTIVE_COMPILATION_CONDITIONS = DEBUG;
				SWIFT_OPTIMIZATION_LEVEL = "-Onone";
			};
			name = Debug;
		};
		F51D7E842191D83100D4E73A /* Release */ = {
			isa = XCBuildConfiguration;
			buildSettings = {
				ALWAYS_SEARCH_USER_PATHS = NO;
				CLANG_ANALYZER_NONNULL = YES;
				CLANG_ANALYZER_NUMBER_OBJECT_CONVERSION = YES_AGGRESSIVE;
				CLANG_CXX_LANGUAGE_STANDARD = "gnu++14";
				CLANG_CXX_LIBRARY = "libc++";
				CLANG_ENABLE_MODULES = YES;
				CLANG_ENABLE_OBJC_ARC = YES;
				CLANG_ENABLE_OBJC_WEAK = YES;
				CLANG_WARN_BLOCK_CAPTURE_AUTORELEASING = YES;
				CLANG_WARN_BOOL_CONVERSION = YES;
				CLANG_WARN_COMMA = YES;
				CLANG_WARN_CONSTANT_CONVERSION = YES;
				CLANG_WARN_DEPRECATED_OBJC_IMPLEMENTATIONS = YES;
				CLANG_WARN_DIRECT_OBJC_ISA_USAGE = YES_ERROR;
				CLANG_WARN_DOCUMENTATION_COMMENTS = YES;
				CLANG_WARN_EMPTY_BODY = YES;
				CLANG_WARN_ENUM_CONVERSION = YES;
				CLANG_WARN_INFINITE_RECURSION = YES;
				CLANG_WARN_INT_CONVERSION = YES;
				CLANG_WARN_NON_LITERAL_NULL_CONVERSION = YES;
				CLANG_WARN_OBJC_IMPLICIT_RETAIN_SELF = YES;
				CLANG_WARN_OBJC_LITERAL_CONVERSION = YES;
				CLANG_WARN_OBJC_ROOT_CLASS = YES_ERROR;
				CLANG_WARN_RANGE_LOOP_ANALYSIS = YES;
				CLANG_WARN_STRICT_PROTOTYPES = YES;
				CLANG_WARN_SUSPICIOUS_MOVE = YES;
				CLANG_WARN_UNGUARDED_AVAILABILITY = YES_AGGRESSIVE;
				CLANG_WARN_UNREACHABLE_CODE = YES;
				CLANG_WARN__DUPLICATE_METHOD_MATCH = YES;
				CODE_SIGN_IDENTITY = "iPhone Developer";
				COPY_PHASE_STRIP = NO;
				DEBUG_INFORMATION_FORMAT = "dwarf-with-dsym";
				ENABLE_NS_ASSERTIONS = NO;
				ENABLE_STRICT_OBJC_MSGSEND = YES;
				GCC_C_LANGUAGE_STANDARD = gnu11;
				GCC_NO_COMMON_BLOCKS = YES;
				GCC_WARN_64_TO_32_BIT_CONVERSION = YES;
				GCC_WARN_ABOUT_RETURN_TYPE = YES_ERROR;
				GCC_WARN_UNDECLARED_SELECTOR = YES;
				GCC_WARN_UNINITIALIZED_AUTOS = YES_AGGRESSIVE;
				GCC_WARN_UNUSED_FUNCTION = YES;
				GCC_WARN_UNUSED_VARIABLE = YES;
				IPHONEOS_DEPLOYMENT_TARGET = 11.4;
				MTL_ENABLE_DEBUG_INFO = NO;
				SDKROOT = iphoneos;
				SWIFT_COMPILATION_MODE = wholemodule;
				SWIFT_OPTIMIZATION_LEVEL = "-O";
				VALIDATE_PRODUCT = YES;
			};
			name = Release;
		};
		F51D7E862191D83100D4E73A /* Debug */ = {
			isa = XCBuildConfiguration;
			buildSettings = {
				ASSETCATALOG_COMPILER_APPICON_NAME = AppIcon;
				CODE_SIGN_STYLE = Automatic;
				DEVELOPMENT_TEAM = 28F9ABU5X4;
				INFOPLIST_FILE = ToDoEy/Info.plist;
				LD_RUNPATH_SEARCH_PATHS = (
					"$(inherited)",
					"@executable_path/Frameworks",
				);
				PRODUCT_BUNDLE_IDENTIFIER = com.AhmetAykac.ToDoEy;
				PRODUCT_NAME = "$(TARGET_NAME)";
				SWIFT_VERSION = 4.0;
				TARGETED_DEVICE_FAMILY = "1,2";
			};
			name = Debug;
		};
		F51D7E872191D83100D4E73A /* Release */ = {
			isa = XCBuildConfiguration;
			buildSettings = {
				ASSETCATALOG_COMPILER_APPICON_NAME = AppIcon;
				CODE_SIGN_STYLE = Automatic;
				DEVELOPMENT_TEAM = 28F9ABU5X4;
				INFOPLIST_FILE = ToDoEy/Info.plist;
				LD_RUNPATH_SEARCH_PATHS = (
					"$(inherited)",
					"@executable_path/Frameworks",
				);
				PRODUCT_BUNDLE_IDENTIFIER = com.AhmetAykac.ToDoEy;
				PRODUCT_NAME = "$(TARGET_NAME)";
				SWIFT_VERSION = 4.0;
				TARGETED_DEVICE_FAMILY = "1,2";
			};
			name = Release;
		};
/* End XCBuildConfiguration section */

/* Begin XCConfigurationList section */
		F51D7E6E2191D82F00D4E73A /* Build configuration list for PBXProject "ToDoEy" */ = {
			isa = XCConfigurationList;
			buildConfigurations = (
				F51D7E832191D83100D4E73A /* Debug */,
				F51D7E842191D83100D4E73A /* Release */,
			);
			defaultConfigurationIsVisible = 0;
			defaultConfigurationName = Release;
		};
		F51D7E852191D83100D4E73A /* Build configuration list for PBXNativeTarget "ToDoEy" */ = {
			isa = XCConfigurationList;
			buildConfigurations = (
				F51D7E862191D83100D4E73A /* Debug */,
				F51D7E872191D83100D4E73A /* Release */,
			);
			defaultConfigurationIsVisible = 0;
			defaultConfigurationName = Release;
		};
/* End XCConfigurationList section */
	};
	rootObject = F51D7E6B2191D82F00D4E73A /* Project object */;
}
